{
  "name": "chat-application",
  "version": "1.0.0",
  "lockfileVersion": 3,
  "requires": true,
  "packages": {
    "": {
      "name": "chat-application",
      "version": "1.0.0",
      "license": "ISC",
      "devDependencies": {
        "daisyui": "^5.1.12"
      }
    },
    "node_modules/daisyui": {
      "version": "5.1.12",
      "resolved": "https://registry.npmjs.org/daisyui/-/daisyui-5.1.12.tgz",
      "integrity": "sha512-wPk6TfH6cPjYFcJIj1Zn2IYjrXLHtKbHD7GesfTDpH86d6Mgy1GTgl8mhKUqpbnVnTUNgkV7L2diPsvOGSpBIw==",
      "dev": true,
      "license": "MIT",
      "funding": {
        "url": "https://github.com/saadeghi/daisyui?sponsor=1"
      }
    }
  }
}
